
Microsoft Visual Studio Solution File, Format Version 12.00
# Visual Studio Version 17
VisualStudioVersion = 17.8.34309.116
MinimumVisualStudioVersion = 10.0.40219.1
Project("{FAE04EC0-301F-11D3-BF4B-00C04F79EFBC}") = "Number2String", "Number2String\Number2String.csproj", "{C1A1926D-6E31-4A94-9220-7A63B34DC38D}"
EndProject
Global
	GlobalSection(SolutionConfigurationPlatforms) = preSolution
		Debug|Any CPU = Debug|Any CPU
		Release|Any CPU = Release|Any CPU
	EndGlobalSection
	GlobalSection(ProjectConfigurationPlatforms) = postSolution
		{C1A1926D-6E31-4A94-9220-7A63B34DC38D}.Debug|Any CPU.ActiveCfg = Debug|Any CPU
		{C1A1926D-6E31-4A94-9220-7A63B34DC38D}.Debug|Any CPU.Build.0 = Debug|Any CPU
		{C1A1926D-6E31-4A94-9220-7A63B34DC38D}.Release|Any CPU.ActiveCfg = Release|Any CPU
		{C1A1926D-6E31-4A94-9220-7A63B34DC38D}.Release|Any CPU.Build.0 = Release|Any CPU
	EndGlobalSection
	GlobalSection(SolutionProperties) = preSolution
		HideSolutionNode = FALSE
	EndGlobalSection
	GlobalSection(ExtensibilityGlobals) = postSolution
		SolutionGuid = {FAE30DD5-D350-4907-A249-11493E360790}
	EndGlobalSection
EndGlobal
